github.com/jempe/code_generator/generator v0.0.0-20210120032141-2bc26d0ce23e h1:AKQzbxFBSgQplliBNvGyKdvCldytdoJqbF8bt6RDqOg=
github.com/jempe/code_generator/generator v0.0.0-20210120032141-2bc26d0ce23e/go.mod h1:n11Ol/XmoRUH8bhEnip5aNcZtbEN0aHp7QhIebQHocI=
github.com/jempe/code_generator/utils v0.0.0-20210120032141-2bc26d0ce23e h1:lRYLK4SvkF0dS06ydxpi981lDxTXswOlDItq4/JmdH0=
github.com/jempe/code_generator/utils v0.0.0-20210120032141-2bc26d0ce23e/go.mod h1:KbQMGXBUvJxayyUG3NbXEBNilDikzNm19DXHZInRoYM=
